{
  "name": "whattobrew",
  "version": "1.0.0",
  "lockfileVersion": 1,
  "requires": true,
  "dependencies": {
    "react-csv": {
      "version": "1.1.1",
      "resolved": "https://registry.npmjs.org/react-csv/-/react-csv-1.1.1.tgz",
      "integrity": "sha512-eQSrkEfzPN+1IeXT58kJaDNmpFr3RhdjfE09jTrw+jdTEp0g0Ig9NOI+TpvMBbCukE1HQhOf4dyrLDRFKgZzbA=="
    }
  }
}
